
Microsoft Visual Studio Solution File, Format Version 12.00
# Visual Studio Version 17
VisualStudioVersion = 17.9.34616.47
MinimumVisualStudioVersion = 10.0.40219.1
Project("{FAE04EC0-301F-11D3-BF4B-00C04F79EFBC}") = "SortAverage", "SortAverage\SortAverage.csproj", "{61CBC7B0-269A-4888-90D6-40D00BEF1DDE}"
EndProject
Global
	GlobalSection(SolutionConfigurationPlatforms) = preSolution
		Debug|Any CPU = Debug|Any CPU
		Release|Any CPU = Release|Any CPU
	EndGlobalSection
	GlobalSection(ProjectConfigurationPlatforms) = postSolution
		{61CBC7B0-269A-4888-90D6-40D00BEF1DDE}.Debug|Any CPU.ActiveCfg = Debug|Any CPU
		{61CBC7B0-269A-4888-90D6-40D00BEF1DDE}.Debug|Any CPU.Build.0 = Debug|Any CPU
		{61CBC7B0-269A-4888-90D6-40D00BEF1DDE}.Release|Any CPU.ActiveCfg = Release|Any CPU
		{61CBC7B0-269A-4888-90D6-40D00BEF1DDE}.Release|Any CPU.Build.0 = Release|Any CPU
	EndGlobalSection
	GlobalSection(SolutionProperties) = preSolution
		HideSolutionNode = FALSE
	EndGlobalSection
	GlobalSection(ExtensibilityGlobals) = postSolution
		SolutionGuid = {4CB2750B-112C-4143-A299-AC864A588224}
	EndGlobalSection
EndGlobal
